{
  "requires": true,
  "lockfileVersion": 1,
  "dependencies": {
    "abs-svg-path": {
      "version": "0.1.1",
      "resolved": "https://registry.npmjs.org/abs-svg-path/-/abs-svg-path-0.1.1.tgz",
      "integrity": "sha1-32Acjo0roQ1KdtYl4japo5wnI78="
    },
    "is-svg-path": {
      "version": "1.0.2",
      "resolved": "https://registry.npmjs.org/is-svg-path/-/is-svg-path-1.0.2.tgz",
      "integrity": "sha1-d6tZDBKz0gNI5cehPQBAyHeE3aA="
    },
    "normalize-svg-path": {
      "version": "1.0.1",
      "resolved": "https://registry.npmjs.org/normalize-svg-path/-/normalize-svg-path-1.0.1.tgz",
      "integrity": "sha1-b3Ka1rcLtMpO/y/ksQdInv4dVv4=",
      "requires": {
        "svg-arc-to-cubic-bezier": "^3.0.0"
      }
    },
    "parse-svg-path": {
      "version": "0.1.2",
      "resolved": "https://registry.npmjs.org/parse-svg-path/-/parse-svg-path-0.1.2.tgz",
      "integrity": "sha1-en7A0esG+lMlx9PgCbhZoJtdSes="
    },
    "point-in-svg-polygon": {
      "version": "1.0.22",
      "resolved": "https://registry.npmjs.org/point-in-svg-polygon/-/point-in-svg-polygon-1.0.22.tgz",
      "integrity": "sha512-kqfkdf9XPSvIvWr4j94kRCpgm3AGVNAQkyS1VmP4EPlA51lrc9KV+GPqx8peeMILNaJ63f+FpPiYccnLkakDXw=="
    },
    "svg-arc-to-cubic-bezier": {
      "version": "3.1.2",
      "resolved": "https://registry.npmjs.org/svg-arc-to-cubic-bezier/-/svg-arc-to-cubic-bezier-3.1.2.tgz",
      "integrity": "sha512-scEWWUoCDhBtgamRnW8C4b0Va73GdpxwWs01SH/wNsl+al7FHEHsval/ZnutHfzvrNTcn/A3YIsQ1oNULSFS7g=="
    },
    "svg-path-bounds": {
      "version": "1.0.1",
      "resolved": "https://registry.npmjs.org/svg-path-bounds/-/svg-path-bounds-1.0.1.tgz",
      "integrity": "sha1-v0WLeDcmv1NDG0Yz8nkvYHSNn3Q=",
      "requires": {
        "abs-svg-path": "^0.1.1",
        "is-svg-path": "^1.0.1",
        "normalize-svg-path": "^1.0.0",
        "parse-svg-path": "^0.1.2"
      }
    }
  }
}
